{
  "name": "shareholder-register-pglite-helper",
  "version": "0.1.0",
  "lockfileVersion": 3,
  "requires": true,
  "packages": {
    "": {
      "name": "shareholder-register-pglite-helper",
      "version": "0.1.0",
      "dependencies": {
        "@electric-sql/pglite": "^0.3.11",
        "pg-gateway": "^0.3.0-beta.4"
      },
      "engines": {
        "node": ">=18.0.0"
      }
    },
    "node_modules/@electric-sql/pglite": {
      "version": "0.3.11",
      "resolved": "https://registry.npmjs.org/@electric-sql/pglite/-/pglite-0.3.11.tgz",
      "integrity": "sha512-FJtjnEyez8XgmgyE5Ewmx89TGVN+75ZjykFoExApRIbJBMT4dsbsuZkF/YWLuymGDfGFHDACjvENPMEqg4FoWg==",
      "license": "Apache-2.0"
    },
    "node_modules/pg-gateway": {
      "version": "0.3.0-beta.4",
      "resolved": "https://registry.npmjs.org/pg-gateway/-/pg-gateway-0.3.0-beta.4.tgz",
      "integrity": "sha512-CTjsM7Z+0Nx2/dyZ6r8zRsc3f9FScoD5UAOlfUx1Fdv/JOIWvRbF7gou6l6vP+uypXQVoYPgw8xZDXgMGvBa4Q==",
      "license": "MIT"
    }
  }
}
